
Microsoft Visual Studio Solution File, Format Version 12.00
# Visual Studio 14
VisualStudioVersion = 14.0.25123.0
MinimumVisualStudioVersion = 10.0.40219.1
Project("{FAE04EC0-301F-11D3-BF4B-00C04F79EFBC}") = "Academy.BattleShip.Web", "Academy.BattleShip.Web\Academy.BattleShip.Web.csproj", "{17D91B95-B63E-4DD7-8BFC-AF19A359FCB1}"
EndProject
Project("{FAE04EC0-301F-11D3-BF4B-00C04F79EFBC}") = "Academy.BattleShip.Service", "Academy.BattleShip.Service\Academy.BattleShip.Service.csproj", "{E3EC18D8-A59E-4AF5-BD9A-6DDCF38699C0}"
EndProject
Project("{FAE04EC0-301F-11D3-BF4B-00C04F79EFBC}") = "Academy.BattleShip.Entity", "Academy.BattleShip.Entity\Academy.BattleShip.Entity.csproj", "{C55D3A74-4DA0-4AE1-9FA0-24460174E154}"
EndProject
Global
	GlobalSection(SolutionConfigurationPlatforms) = preSolution
		Debug|Any CPU = Debug|Any CPU
		Release|Any CPU = Release|Any CPU
	EndGlobalSection
	GlobalSection(ProjectConfigurationPlatforms) = postSolution
		{17D91B95-B63E-4DD7-8BFC-AF19A359FCB1}.Debug|Any CPU.ActiveCfg = Debug|Any CPU
		{17D91B95-B63E-4DD7-8BFC-AF19A359FCB1}.Debug|Any CPU.Build.0 = Debug|Any CPU
		{17D91B95-B63E-4DD7-8BFC-AF19A359FCB1}.Release|Any CPU.ActiveCfg = Release|Any CPU
		{17D91B95-B63E-4DD7-8BFC-AF19A359FCB1}.Release|Any CPU.Build.0 = Release|Any CPU
		{E3EC18D8-A59E-4AF5-BD9A-6DDCF38699C0}.Debug|Any CPU.ActiveCfg = Debug|Any CPU
		{E3EC18D8-A59E-4AF5-BD9A-6DDCF38699C0}.Debug|Any CPU.Build.0 = Debug|Any CPU
		{E3EC18D8-A59E-4AF5-BD9A-6DDCF38699C0}.Release|Any CPU.ActiveCfg = Release|Any CPU
		{E3EC18D8-A59E-4AF5-BD9A-6DDCF38699C0}.Release|Any CPU.Build.0 = Release|Any CPU
		{C55D3A74-4DA0-4AE1-9FA0-24460174E154}.Debug|Any CPU.ActiveCfg = Debug|Any CPU
		{C55D3A74-4DA0-4AE1-9FA0-24460174E154}.Debug|Any CPU.Build.0 = Debug|Any CPU
		{C55D3A74-4DA0-4AE1-9FA0-24460174E154}.Release|Any CPU.ActiveCfg = Release|Any CPU
		{C55D3A74-4DA0-4AE1-9FA0-24460174E154}.Release|Any CPU.Build.0 = Release|Any CPU
	EndGlobalSection
	GlobalSection(SolutionProperties) = preSolution
		HideSolutionNode = FALSE
	EndGlobalSection
EndGlobal
